
Microsoft Visual Studio Solution File, Format Version 12.00
# Visual Studio Version 16
VisualStudioVersion = 16.0.29806.167
MinimumVisualStudioVersion = 15.0.26124.0
Project("{9A19103F-16F7-4668-BE54-9A1E7A4F7556}") = "src", "src\src.csproj", "{55A40EDA-697C-4925-9267-5D27AAF5C04C}"
EndProject
Global
	GlobalSection(SolutionConfigurationPlatforms) = preSolution
		Debug|Any CPU = Debug|Any CPU
		Debug|x64 = Debug|x64
		Debug|x86 = Debug|x86
		Release|Any CPU = Release|Any CPU
		Release|x64 = Release|x64
		Release|x86 = Release|x86
	EndGlobalSection
	GlobalSection(ProjectConfigurationPlatforms) = postSolution
		{55A40EDA-697C-4925-9267-5D27AAF5C04C}.Debug|Any CPU.ActiveCfg = Debug|Any CPU
		{55A40EDA-697C-4925-9267-5D27AAF5C04C}.Debug|Any CPU.Build.0 = Debug|Any CPU
		{55A40EDA-697C-4925-9267-5D27AAF5C04C}.Debug|x64.ActiveCfg = Debug|Any CPU
		{55A40EDA-697C-4925-9267-5D27AAF5C04C}.Debug|x64.Build.0 = Debug|Any CPU
		{55A40EDA-697C-4925-9267-5D27AAF5C04C}.Debug|x86.ActiveCfg = Debug|Any CPU
		{55A40EDA-697C-4925-9267-5D27AAF5C04C}.Debug|x86.Build.0 = Debug|Any CPU
		{55A40EDA-697C-4925-9267-5D27AAF5C04C}.Release|Any CPU.ActiveCfg = Release|Any CPU
		{55A40EDA-697C-4925-9267-5D27AAF5C04C}.Release|Any CPU.Build.0 = Release|Any CPU
		{55A40EDA-697C-4925-9267-5D27AAF5C04C}.Release|x64.ActiveCfg = Release|Any CPU
		{55A40EDA-697C-4925-9267-5D27AAF5C04C}.Release|x64.Build.0 = Release|Any CPU
		{55A40EDA-697C-4925-9267-5D27AAF5C04C}.Release|x86.ActiveCfg = Release|Any CPU
		{55A40EDA-697C-4925-9267-5D27AAF5C04C}.Release|x86.Build.0 = Release|Any CPU
	EndGlobalSection
	GlobalSection(SolutionProperties) = preSolution
		HideSolutionNode = FALSE
	EndGlobalSection
	GlobalSection(ExtensibilityGlobals) = postSolution
		SolutionGuid = {92ABA4F1-35D8-442C-AEC1-AB47FA825138}
	EndGlobalSection
EndGlobal
